// !$*UTF8*$!
{
	archiveVersion = 1;
	classes = {
	};
	objectVersion = 50;
	objects = {

/* Begin PBXBuildFile section */
		2779405E25C505FA00D29E3B /* AppDelegate.swift in Sources */ = {isa = PBXBuildFile; fileRef = 2779405D25C505FA00D29E3B /* AppDelegate.swift */; };
		2779406025C505FA00D29E3B /* SceneDelegate.swift in Sources */ = {isa = PBXBuildFile; fileRef = 2779405F25C505FA00D29E3B /* SceneDelegate.swift */; };
		2779406225C505FA00D29E3B /* ViewController.swift in Sources */ = {isa = PBXBuildFile; fileRef = 2779406125C505FA00D29E3B /* ViewController.swift */; };
		2779406725C505FB00D29E3B /* Assets.xcassets in Resources */ = {isa = PBXBuildFile; fileRef = 2779406625C505FB00D29E3B /* Assets.xcassets */; };
		2779406A25C505FB00D29E3B /* LaunchScreen.storyboard in Resources */ = {isa = PBXBuildFile; fileRef = 2779406825C505FB00D29E3B /* LaunchScreen.storyboard */; };
		2779407C25C5139000D29E3B /* BlenderPro-Bold.ttf in Resources */ = {isa = PBXBuildFile; fileRef = 2779407B25C5139000D29E3B /* BlenderPro-Bold.ttf */; };
		2779407F25C5139B00D29E3B /* BlenderPro-Heavy.ttf in Resources */ = {isa = PBXBuildFile; fileRef = 2779407E25C5139B00D29E3B /* BlenderPro-Heavy.ttf */; };
/* End PBXBuildFile section */

/* Begin PBXFileReference section */
		2779405A25C505FA00D29E3B /* CyberBtn.app */ = {isa = PBXFileReference; explicitFileType = wrapper.application; includeInIndex = 0; path = CyberBtn.app; sourceTree = BUILT_PRODUCTS_DIR; };
		2779405D25C505FA00D29E3B /* AppDelegate.swift */ = {isa = PBXFileReference; lastKnownFileType = sourcecode.swift; path = AppDelegate.swift; sourceTree = "<group>"; };
		2779405F25C505FA00D29E3B /* SceneDelegate.swift */ = {isa = PBXFileReference; lastKnownFileType = sourcecode.swift; path = SceneDelegate.swift; sourceTree = "<group>"; };
		2779406125C505FA00D29E3B /* ViewController.swift */ = {isa = PBXFileReference; lastKnownFileType = sourcecode.swift; path = ViewController.swift; sourceTree = "<group>"; };
		2779406625C505FB00D29E3B /* Assets.xcassets */ = {isa = PBXFileReference; lastKnownFileType = folder.assetcatalog; path = Assets.xcassets; sourceTree = "<group>"; };
		2779406925C505FB00D29E3B /* Base */ = {isa = PBXFileReference; lastKnownFileType = file.storyboard; name = Base; path = Base.lproj/LaunchScreen.storyboard; sourceTree = "<group>"; };
		2779406B25C505FB00D29E3B /* Info.plist */ = {isa = PBXFileReference; lastKnownFileType = text.plist.xml; path = Info.plist; sourceTree = "<group>"; };
		2779407B25C5139000D29E3B /* BlenderPro-Bold.ttf */ = {isa = PBXFileReference; lastKnownFileType = file; path = "BlenderPro-Bold.ttf"; sourceTree = "<group>"; };
		2779407E25C5139B00D29E3B /* BlenderPro-Heavy.ttf */ = {isa = PBXFileReference; lastKnownFileType = file; path = "BlenderPro-Heavy.ttf"; sourceTree = "<group>"; };
/* End PBXFileReference section */

/* Begin PBXFrameworksBuildPhase section */
		2779405725C505FA00D29E3B /* Frameworks */ = {
			isa = PBXFrameworksBuildPhase;
			buildActionMask = 2147483647;
			files = (
			);
			runOnlyForDeploymentPostprocessing = 0;
		};
/* End PBXFrameworksBuildPhase section */

/* Begin PBXGroup section */
		2779405125C505F900D29E3B = {
			isa = PBXGroup;
			children = (
				2779405C25C505FA00D29E3B /* CyberBtn */,
				2779405B25C505FA00D29E3B /* Products */,
			);
			sourceTree = "<group>";
		};
		2779405B25C505FA00D29E3B /* Products */ = {
			isa = PBXGroup;
			children = (
				2779405A25C505FA00D29E3B /* CyberBtn.app */,
			);
			name = Products;
			sourceTree = "<group>";
		};
		2779405C25C505FA00D29E3B /* CyberBtn */ = {
			isa = PBXGroup;
			children = (
				2779407425C5066100D29E3B /* Sources */,
				2779407325C5064700D29E3B /* Resources */,
			);
			path = CyberBtn;
			sourceTree = "<group>";
		};
		2779407325C5064700D29E3B /* Resources */ = {
			isa = PBXGroup;
			children = (
				2779406625C505FB00D29E3B /* Assets.xcassets */,
				2779406825C505FB00D29E3B /* LaunchScreen.storyboard */,
				2779406B25C505FB00D29E3B /* Info.plist */,
				2779407B25C5139000D29E3B /* BlenderPro-Bold.ttf */,
				2779407E25C5139B00D29E3B /* BlenderPro-Heavy.ttf */,
			);
			path = Resources;
			sourceTree = "<group>";
		};
		2779407425C5066100D29E3B /* Sources */ = {
			isa = PBXGroup;
			children = (
				2779405D25C505FA00D29E3B /* AppDelegate.swift */,
				2779405F25C505FA00D29E3B /* SceneDelegate.swift */,
				2779406125C505FA00D29E3B /* ViewController.swift */,
			);
			path = Sources;
			sourceTree = "<group>";
		};
/* End PBXGroup section */

/* Begin PBXNativeTarget section */
		2779405925C505FA00D29E3B /* CyberBtn */ = {
			isa = PBXNativeTarget;
			buildConfigurationList = 2779406E25C505FB00D29E3B /* Build configuration list for PBXNativeTarget "CyberBtn" */;
			buildPhases = (
				2779405625C505FA00D29E3B /* Sources */,
				2779405725C505FA00D29E3B /* Frameworks */,
				2779405825C505FA00D29E3B /* Resources */,
			);
			buildRules = (
			);
			dependencies = (
			);
			name = CyberBtn;
			productName = CyberBtn;
			productReference = 2779405A25C505FA00D29E3B /* CyberBtn.app */;
			productType = "com.apple.product-type.application";
		};
/* End PBXNativeTarget section */

/* Begin PBXProject section */
		2779405225C505F900D29E3B /* Project object */ = {
			isa = PBXProject;
			attributes = {
				LastSwiftUpdateCheck = 1220;
				LastUpgradeCheck = 1220;
				TargetAttributes = {
					2779405925C505FA00D29E3B = {
						CreatedOnToolsVersion = 12.2;
					};
				};
			};
			buildConfigurationList = 2779405525C505F900D29E3B /* Build configuration list for PBXProject "CyberBtn" */;
			compatibilityVersion = "Xcode 9.3";
			developmentRegion = en;
			hasScannedForEncodings = 0;
			knownRegions = (
				en,
				Base,
			);
			mainGroup = 2779405125C505F900D29E3B;
			productRefGroup = 2779405B25C505FA00D29E3B /* Products */;
			projectDirPath = "";
			projectRoot = "";
			targets = (
				2779405925C505FA00D29E3B /* CyberBtn */,
			);
		};
/* End PBXProject section */

/* Begin PBXResourcesBuildPhase section */
		2779405825C505FA00D29E3B /* Resources */ = {
			isa = PBXResourcesBuildPhase;
			buildActionMask = 2147483647;
			files = (
				2779406A25C505FB00D29E3B /* LaunchScreen.storyboard in Resources */,
				2779407C25C5139000D29E3B /* BlenderPro-Bold.ttf in Resources */,
				2779406725C505FB00D29E3B /* Assets.xcassets in Resources */,
				2779407F25C5139B00D29E3B /* BlenderPro-Heavy.ttf in Resources */,
			);
			runOnlyForDeploymentPostprocessing = 0;
		};
/* End PBXResourcesBuildPhase section */

/* Begin PBXSourcesBuildPhase section */
		2779405625C505FA00D29E3B /* Sources */ = {
			isa = PBXSourcesBuildPhase;
			buildActionMask = 2147483647;
			files = (
				2779406225C505FA00D29E3B /* ViewController.swift in Sources */,
				2779405E25C505FA00D29E3B /* AppDelegate.swift in Sources */,
				2779406025C505FA00D29E3B /* SceneDelegate.swift in Sources */,
			);
			runOnlyForDeploymentPostprocessing = 0;
		};
/* End PBXSourcesBuildPhase section */

/* Begin PBXVariantGroup section */
		2779406825C505FB00D29E3B /* LaunchScreen.storyboard */ = {
			isa = PBXVariantGroup;
			children = (
				2779406925C505FB00D29E3B /* Base */,
			);
			name = LaunchScreen.storyboard;
			sourceTree = "<group>";
		};
/* End PBXVariantGroup section */

/* Begin XCBuildConfiguration section */
		2779406C25C505FB00D29E3B /* Debug */ = {
			isa = XCBuildConfiguration;
			buildSettings = {
				ALWAYS_SEARCH_USER_PATHS = NO;
				CLANG_ANALYZER_NONNULL = YES;
				CLANG_ANALYZER_NUMBER_OBJECT_CONVERSION = YES_AGGRESSIVE;
				CLANG_CXX_LANGUAGE_STANDARD = "gnu++14";
				CLANG_CXX_LIBRARY = "libc++";
				CLANG_ENABLE_MODULES = YES;
				CLANG_ENABLE_OBJC_ARC = YES;
				CLANG_ENABLE_OBJC_WEAK = YES;
				CLANG_WARN_BLOCK_CAPTURE_AUTORELEASING = YES;
				CLANG_WARN_BOOL_CONVERSION = YES;
				CLANG_WARN_COMMA = YES;
				CLANG_WARN_CONSTANT_CONVERSION = YES;
				CLANG_WARN_DEPRECATED_OBJC_IMPLEMENTATIONS = YES;
				CLANG_WARN_DIRECT_OBJC_ISA_USAGE = YES_ERROR;
				CLANG_WARN_DOCUMENTATION_COMMENTS = YES;
				CLANG_WARN_EMPTY_BODY = YES;
				CLANG_WARN_ENUM_CONVERSION = YES;
				CLANG_WARN_INFINITE_RECURSION = YES;
				CLANG_WARN_INT_CONVERSION = YES;
				CLANG_WARN_NON_LITERAL_NULL_CONVERSION = YES;
				CLANG_WARN_OBJC_IMPLICIT_RETAIN_SELF = YES;
				CLANG_WARN_OBJC_LITERAL_CONVERSION = YES;
				CLANG_WARN_OBJC_ROOT_CLASS = YES_ERROR;
				CLANG_WARN_QUOTED_INCLUDE_IN_FRAMEWORK_HEADER = YES;
				CLANG_WARN_RANGE_LOOP_ANALYSIS = YES;
				CLANG_WARN_STRICT_PROTOTYPES = YES;
				CLANG_WARN_SUSPICIOUS_MOVE = YES;
				CLANG_WARN_UNGUARDED_AVAILABILITY = YES_AGGRESSIVE;
				CLANG_WARN_UNREACHABLE_CODE = YES;
				CLANG_WARN__DUPLICATE_METHOD_MATCH = YES;
				COPY_PHASE_STRIP = NO;
				DEBUG_INFORMATION_FORMAT = dwarf;
				ENABLE_STRICT_OBJC_MSGSEND = YES;
				ENABLE_TESTABILITY = YES;
				GCC_C_LANGUAGE_STANDARD = gnu11;
				GCC_DYNAMIC_NO_PIC = NO;
				GCC_NO_COMMON_BLOCKS = YES;
				GCC_OPTIMIZATION_LEVEL = 0;
				GCC_PREPROCESSOR_DEFINITIONS = (
					"DEBUG=1",
					"$(inherited)",
				);
				GCC_WARN_64_TO_32_BIT_CONVERSION = YES;
				GCC_WARN_ABOUT_RETURN_TYPE = YES_ERROR;
				GCC_WARN_UNDECLARED_SELECTOR = YES;
				GCC_WARN_UNINITIALIZED_AUTOS = YES_AGGRESSIVE;
				GCC_WARN_UNUSED_FUNCTION = YES;
				GCC_WARN_UNUSED_VARIABLE = YES;
				IPHONEOS_DEPLOYMENT_TARGET = 14.2;
				MTL_ENABLE_DEBUG_INFO = INCLUDE_SOURCE;
				MTL_FAST_MATH = YES;
				ONLY_ACTIVE_ARCH = YES;
				SDKROOT = iphoneos;
				SWIFT_ACTIVE_COMPILATION_CONDITIONS = DEBUG;
				SWIFT_OPTIMIZATION_LEVEL = "-Onone";
			};
			name = Debug;
		};
		2779406D25C505FB00D29E3B /* Release */ = {
			isa = XCBuildConfiguration;
			buildSettings = {
				ALWAYS_SEARCH_USER_PATHS = NO;
				CLANG_ANALYZER_NONNULL = YES;
				CLANG_ANALYZER_NUMBER_OBJECT_CONVERSION = YES_AGGRESSIVE;
				CLANG_CXX_LANGUAGE_STANDARD = "gnu++14";
				CLANG_CXX_LIBRARY = "libc++";
				CLANG_ENABLE_MODULES = YES;
				CLANG_ENABLE_OBJC_ARC = YES;
				CLANG_ENABLE_OBJC_WEAK = YES;
				CLANG_WARN_BLOCK_CAPTURE_AUTORELEASING = YES;
				CLANG_WARN_BOOL_CONVERSION = YES;
				CLANG_WARN_COMMA = YES;
				CLANG_WARN_CONSTANT_CONVERSION = YES;
				CLANG_WARN_DEPRECATED_OBJC_IMPLEMENTATIONS = YES;
				CLANG_WARN_DIRECT_OBJC_ISA_USAGE = YES_ERROR;
				CLANG_WARN_DOCUMENTATION_COMMENTS = YES;
				CLANG_WARN_EMPTY_BODY = YES;
				CLANG_WARN_ENUM_CONVERSION = YES;
				CLANG_WARN_INFINITE_RECURSION = YES;
				CLANG_WARN_INT_CONVERSION = YES;
				CLANG_WARN_NON_LITERAL_NULL_CONVERSION = YES;
				CLANG_WARN_OBJC_IMPLICIT_RETAIN_SELF = YES;
				CLANG_WARN_OBJC_LITERAL_CONVERSION = YES;
				CLANG_WARN_OBJC_ROOT_CLASS = YES_ERROR;
				CLANG_WARN_QUOTED_INCLUDE_IN_FRAMEWORK_HEADER = YES;
				CLANG_WARN_RANGE_LOOP_ANALYSIS = YES;
				CLANG_WARN_STRICT_PROTOTYPES = YES;
				CLANG_WARN_SUSPICIOUS_MOVE = YES;
				CLANG_WARN_UNGUARDED_AVAILABILITY = YES_AGGRESSIVE;
				CLANG_WARN_UNREACHABLE_CODE = YES;
				CLANG_WARN__DUPLICATE_METHOD_MATCH = YES;
				COPY_PHASE_STRIP = NO;
				DEBUG_INFORMATION_FORMAT = "dwarf-with-dsym";
				ENABLE_NS_ASSERTIONS = NO;
				ENABLE_STRICT_OBJC_MSGSEND = YES;
				GCC_C_LANGUAGE_STANDARD = gnu11;
				GCC_NO_COMMON_BLOCKS = YES;
				GCC_WARN_64_TO_32_BIT_CONVERSION = YES;
				GCC_WARN_ABOUT_RETURN_TYPE = YES_ERROR;
				GCC_WARN_UNDECLARED_SELECTOR = YES;
				GCC_WARN_UNINITIALIZED_AUTOS = YES_AGGRESSIVE;
				GCC_WARN_UNUSED_FUNCTION = YES;
				GCC_WARN_UNUSED_VARIABLE = YES;
				IPHONEOS_DEPLOYMENT_TARGET = 14.2;
				MTL_ENABLE_DEBUG_INFO = NO;
				MTL_FAST_MATH = YES;
				SDKROOT = iphoneos;
				SWIFT_COMPILATION_MODE = wholemodule;
				SWIFT_OPTIMIZATION_LEVEL = "-O";
				VALIDATE_PRODUCT = YES;
			};
			name = Release;
		};
		2779406F25C505FB00D29E3B /* Debug */ = {
			isa = XCBuildConfiguration;
			buildSettings = {
				ASSETCATALOG_COMPILER_APPICON_NAME = AppIcon;
				ASSETCATALOG_COMPILER_GLOBAL_ACCENT_COLOR_NAME = AccentColor;
				CODE_SIGN_STYLE = Automatic;
				DEVELOPMENT_TEAM = WAAG7CNV54;
				INFOPLIST_FILE = CyberBtn/Resources/Info.plist;
				LD_RUNPATH_SEARCH_PATHS = (
					"$(inherited)",
					"@executable_path/Frameworks",
				);
				PRODUCT_BUNDLE_IDENTIFIER = com.kyleilantzis.cyberbtn.CyberBtn;
				PRODUCT_NAME = "$(TARGET_NAME)";
				SWIFT_VERSION = 5.0;
				TARGETED_DEVICE_FAMILY = "1,2";
			};
			name = Debug;
		};
		2779407025C505FB00D29E3B /* Release */ = {
			isa = XCBuildConfiguration;
			buildSettings = {
				ASSETCATALOG_COMPILER_APPICON_NAME = AppIcon;
				ASSETCATALOG_COMPILER_GLOBAL_ACCENT_COLOR_NAME = AccentColor;
				CODE_SIGN_STYLE = Automatic;
				DEVELOPMENT_TEAM = WAAG7CNV54;
				INFOPLIST_FILE = CyberBtn/Resources/Info.plist;
				LD_RUNPATH_SEARCH_PATHS = (
					"$(inherited)",
					"@executable_path/Frameworks",
				);
				PRODUCT_BUNDLE_IDENTIFIER = com.kyleilantzis.cyberbtn.CyberBtn;
				PRODUCT_NAME = "$(TARGET_NAME)";
				SWIFT_VERSION = 5.0;
				TARGETED_DEVICE_FAMILY = "1,2";
			};
			name = Release;
		};
/* End XCBuildConfiguration section */

/* Begin XCConfigurationList section */
		2779405525C505F900D29E3B /* Build configuration list for PBXProject "CyberBtn" */ = {
			isa = XCConfigurationList;
			buildConfigurations = (
				2779406C25C505FB00D29E3B /* Debug */,
				2779406D25C505FB00D29E3B /* Release */,
			);
			defaultConfigurationIsVisible = 0;
			defaultConfigurationName = Release;
		};
		2779406E25C505FB00D29E3B /* Build configuration list for PBXNativeTarget "CyberBtn" */ = {
			isa = XCConfigurationList;
			buildConfigurations = (
				2779406F25C505FB00D29E3B /* Debug */,
				2779407025C505FB00D29E3B /* Release */,
			);
			defaultConfigurationIsVisible = 0;
			defaultConfigurationName = Release;
		};
/* End XCConfigurationList section */
	};
	rootObject = 2779405225C505F900D29E3B /* Project object */;
}
